// !$*UTF8*$!
{
	archiveVersion = 1;
	classes = {
	};
	objectVersion = 55;
	objects = {

/* Begin PBXBuildFile section */
		A979ECBB28C8BF6D00C5F10B /* day20App.swift in Sources */ = {isa = PBXBuildFile; fileRef = A979ECAB28C8BF6B00C5F10B /* day20App.swift */; };
		A979ECBC28C8BF6D00C5F10B /* day20App.swift in Sources */ = {isa = PBXBuildFile; fileRef = A979ECAB28C8BF6B00C5F10B /* day20App.swift */; };
		A979ECBD28C8BF6D00C5F10B /* ContentView.swift in Sources */ = {isa = PBXBuildFile; fileRef = A979ECAC28C8BF6B00C5F10B /* ContentView.swift */; };
		A979ECBE28C8BF6D00C5F10B /* ContentView.swift in Sources */ = {isa = PBXBuildFile; fileRef = A979ECAC28C8BF6B00C5F10B /* ContentView.swift */; };
		A979ECBF28C8BF6D00C5F10B /* Assets.xcassets in Resources */ = {isa = PBXBuildFile; fileRef = A979ECAD28C8BF6D00C5F10B /* Assets.xcassets */; };
		A979ECC028C8BF6D00C5F10B /* Assets.xcassets in Resources */ = {isa = PBXBuildFile; fileRef = A979ECAD28C8BF6D00C5F10B /* Assets.xcassets */; };
		A979ECCA28C8C41200C5F10B /* Gradients.swift in Sources */ = {isa = PBXBuildFile; fileRef = A979ECC928C8C41200C5F10B /* Gradients.swift */; };
		A979ECCB28C8C41200C5F10B /* Gradients.swift in Sources */ = {isa = PBXBuildFile; fileRef = A979ECC928C8C41200C5F10B /* Gradients.swift */; };
		A979ECCD28C8F14500C5F10B /* Buttons.swift in Sources */ = {isa = PBXBuildFile; fileRef = A979ECCC28C8F14500C5F10B /* Buttons.swift */; };
		A979ECCE28C8F14500C5F10B /* Buttons.swift in Sources */ = {isa = PBXBuildFile; fileRef = A979ECCC28C8F14500C5F10B /* Buttons.swift */; };
		A979ECD028C9021100C5F10B /* Alerts.swift in Sources */ = {isa = PBXBuildFile; fileRef = A979ECCF28C9021100C5F10B /* Alerts.swift */; };
		A979ECD128C9021100C5F10B /* Alerts.swift in Sources */ = {isa = PBXBuildFile; fileRef = A979ECCF28C9021100C5F10B /* Alerts.swift */; };
/* End PBXBuildFile section */

/* Begin PBXFileReference section */
		A979ECAB28C8BF6B00C5F10B /* day20App.swift */ = {isa = PBXFileReference; lastKnownFileType = sourcecode.swift; path = day20App.swift; sourceTree = "<group>"; };
		A979ECAC28C8BF6B00C5F10B /* ContentView.swift */ = {isa = PBXFileReference; lastKnownFileType = sourcecode.swift; path = ContentView.swift; sourceTree = "<group>"; };
		A979ECAD28C8BF6D00C5F10B /* Assets.xcassets */ = {isa = PBXFileReference; lastKnownFileType = folder.assetcatalog; path = Assets.xcassets; sourceTree = "<group>"; };
		A979ECB228C8BF6D00C5F10B /* day20.app */ = {isa = PBXFileReference; explicitFileType = wrapper.application; includeInIndex = 0; path = day20.app; sourceTree = BUILT_PRODUCTS_DIR; };
		A979ECB828C8BF6D00C5F10B /* day20.app */ = {isa = PBXFileReference; explicitFileType = wrapper.application; includeInIndex = 0; path = day20.app; sourceTree = BUILT_PRODUCTS_DIR; };
		A979ECBA28C8BF6D00C5F10B /* macOS.entitlements */ = {isa = PBXFileReference; lastKnownFileType = text.plist.entitlements; path = macOS.entitlements; sourceTree = "<group>"; };
		A979ECC928C8C41200C5F10B /* Gradients.swift */ = {isa = PBXFileReference; lastKnownFileType = sourcecode.swift; path = Gradients.swift; sourceTree = "<group>"; };
		A979ECCC28C8F14500C5F10B /* Buttons.swift */ = {isa = PBXFileReference; lastKnownFileType = sourcecode.swift; path = Buttons.swift; sourceTree = "<group>"; };
		A979ECCF28C9021100C5F10B /* Alerts.swift */ = {isa = PBXFileReference; lastKnownFileType = sourcecode.swift; path = Alerts.swift; sourceTree = "<group>"; };
/* End PBXFileReference section */

/* Begin PBXFrameworksBuildPhase section */
		A979ECAF28C8BF6D00C5F10B /* Frameworks */ = {
			isa = PBXFrameworksBuildPhase;
			buildActionMask = 2147483647;
			files = (
			);
			runOnlyForDeploymentPostprocessing = 0;
		};
		A979ECB528C8BF6D00C5F10B /* Frameworks */ = {
			isa = PBXFrameworksBuildPhase;
			buildActionMask = 2147483647;
			files = (
			);
			runOnlyForDeploymentPostprocessing = 0;
		};
/* End PBXFrameworksBuildPhase section */

/* Begin PBXGroup section */
		A979ECA528C8BF6B00C5F10B = {
			isa = PBXGroup;
			children = (
				A979ECAA28C8BF6B00C5F10B /* Shared */,
				A979ECB928C8BF6D00C5F10B /* macOS */,
				A979ECB328C8BF6D00C5F10B /* Products */,
			);
			sourceTree = "<group>";
		};
		A979ECAA28C8BF6B00C5F10B /* Shared */ = {
			isa = PBXGroup;
			children = (
				A979ECAB28C8BF6B00C5F10B /* day20App.swift */,
				A979ECAC28C8BF6B00C5F10B /* ContentView.swift */,
				A979ECC928C8C41200C5F10B /* Gradients.swift */,
				A979ECCF28C9021100C5F10B /* Alerts.swift */,
				A979ECCC28C8F14500C5F10B /* Buttons.swift */,
				A979ECAD28C8BF6D00C5F10B /* Assets.xcassets */,
			);
			path = Shared;
			sourceTree = "<group>";
		};
		A979ECB328C8BF6D00C5F10B /* Products */ = {
			isa = PBXGroup;
			children = (
				A979ECB228C8BF6D00C5F10B /* day20.app */,
				A979ECB828C8BF6D00C5F10B /* day20.app */,
			);
			name = Products;
			sourceTree = "<group>";
		};
		A979ECB928C8BF6D00C5F10B /* macOS */ = {
			isa = PBXGroup;
			children = (
				A979ECBA28C8BF6D00C5F10B /* macOS.entitlements */,
			);
			path = macOS;
			sourceTree = "<group>";
		};
/* End PBXGroup section */

/* Begin PBXNativeTarget section */
		A979ECB128C8BF6D00C5F10B /* day20 (iOS) */ = {
			isa = PBXNativeTarget;
			buildConfigurationList = A979ECC328C8BF6D00C5F10B /* Build configuration list for PBXNativeTarget "day20 (iOS)" */;
			buildPhases = (
				A979ECAE28C8BF6D00C5F10B /* Sources */,
				A979ECAF28C8BF6D00C5F10B /* Frameworks */,
				A979ECB028C8BF6D00C5F10B /* Resources */,
			);
			buildRules = (
			);
			dependencies = (
			);
			name = "day20 (iOS)";
			productName = "day20 (iOS)";
			productReference = A979ECB228C8BF6D00C5F10B /* day20.app */;
			productType = "com.apple.product-type.application";
		};
		A979ECB728C8BF6D00C5F10B /* day20 (macOS) */ = {
			isa = PBXNativeTarget;
			buildConfigurationList = A979ECC628C8BF6D00C5F10B /* Build configuration list for PBXNativeTarget "day20 (macOS)" */;
			buildPhases = (
				A979ECB428C8BF6D00C5F10B /* Sources */,
				A979ECB528C8BF6D00C5F10B /* Frameworks */,
				A979ECB628C8BF6D00C5F10B /* Resources */,
			);
			buildRules = (
			);
			dependencies = (
			);
			name = "day20 (macOS)";
			productName = "day20 (macOS)";
			productReference = A979ECB828C8BF6D00C5F10B /* day20.app */;
			productType = "com.apple.product-type.application";
		};
/* End PBXNativeTarget section */

/* Begin PBXProject section */
		A979ECA628C8BF6B00C5F10B /* Project object */ = {
			isa = PBXProject;
			attributes = {
				BuildIndependentTargetsInParallel = 1;
				LastSwiftUpdateCheck = 1340;
				LastUpgradeCheck = 1340;
				TargetAttributes = {
					A979ECB128C8BF6D00C5F10B = {
						CreatedOnToolsVersion = 13.4.1;
					};
					A979ECB728C8BF6D00C5F10B = {
						CreatedOnToolsVersion = 13.4.1;
					};
				};
			};
			buildConfigurationList = A979ECA928C8BF6B00C5F10B /* Build configuration list for PBXProject "day20" */;
			compatibilityVersion = "Xcode 13.0";
			developmentRegion = en;
			hasScannedForEncodings = 0;
			knownRegions = (
				en,
				Base,
			);
			mainGroup = A979ECA528C8BF6B00C5F10B;
			productRefGroup = A979ECB328C8BF6D00C5F10B /* Products */;
			projectDirPath = "";
			projectRoot = "";
			targets = (
				A979ECB128C8BF6D00C5F10B /* day20 (iOS) */,
				A979ECB728C8BF6D00C5F10B /* day20 (macOS) */,
			);
		};
/* End PBXProject section */

/* Begin PBXResourcesBuildPhase section */
		A979ECB028C8BF6D00C5F10B /* Resources */ = {
			isa = PBXResourcesBuildPhase;
			buildActionMask = 2147483647;
			files = (
				A979ECBF28C8BF6D00C5F10B /* Assets.xcassets in Resources */,
			);
			runOnlyForDeploymentPostprocessing = 0;
		};
		A979ECB628C8BF6D00C5F10B /* Resources */ = {
			isa = PBXResourcesBuildPhase;
			buildActionMask = 2147483647;
			files = (
				A979ECC028C8BF6D00C5F10B /* Assets.xcassets in Resources */,
			);
			runOnlyForDeploymentPostprocessing = 0;
		};
/* End PBXResourcesBuildPhase section */

/* Begin PBXSourcesBuildPhase section */
		A979ECAE28C8BF6D00C5F10B /* Sources */ = {
			isa = PBXSourcesBuildPhase;
			buildActionMask = 2147483647;
			files = (
				A979ECBD28C8BF6D00C5F10B /* ContentView.swift in Sources */,
				A979ECD028C9021100C5F10B /* Alerts.swift in Sources */,
				A979ECBB28C8BF6D00C5F10B /* day20App.swift in Sources */,
				A979ECCA28C8C41200C5F10B /* Gradients.swift in Sources */,
				A979ECCD28C8F14500C5F10B /* Buttons.swift in Sources */,
			);
			runOnlyForDeploymentPostprocessing = 0;
		};
		A979ECB428C8BF6D00C5F10B /* Sources */ = {
			isa = PBXSourcesBuildPhase;
			buildActionMask = 2147483647;
			files = (
				A979ECBE28C8BF6D00C5F10B /* ContentView.swift in Sources */,
				A979ECD128C9021100C5F10B /* Alerts.swift in Sources */,
				A979ECBC28C8BF6D00C5F10B /* day20App.swift in Sources */,
				A979ECCB28C8C41200C5F10B /* Gradients.swift in Sources */,
				A979ECCE28C8F14500C5F10B /* Buttons.swift in Sources */,
			);
			runOnlyForDeploymentPostprocessing = 0;
		};
/* End PBXSourcesBuildPhase section */

/* Begin XCBuildConfiguration section */
		A979ECC128C8BF6D00C5F10B /* Debug */ = {
			isa = XCBuildConfiguration;
			buildSettings = {
				ALWAYS_SEARCH_USER_PATHS = NO;
				CLANG_ANALYZER_NONNULL = YES;
				CLANG_ANALYZER_NUMBER_OBJECT_CONVERSION = YES_AGGRESSIVE;
				CLANG_CXX_LANGUAGE_STANDARD = "gnu++17";
				CLANG_ENABLE_MODULES = YES;
				CLANG_ENABLE_OBJC_ARC = YES;
				CLANG_ENABLE_OBJC_WEAK = YES;
				CLANG_WARN_BLOCK_CAPTURE_AUTORELEASING = YES;
				CLANG_WARN_BOOL_CONVERSION = YES;
				CLANG_WARN_COMMA = YES;
				CLANG_WARN_CONSTANT_CONVERSION = YES;
				CLANG_WARN_DEPRECATED_OBJC_IMPLEMENTATIONS = YES;
				CLANG_WARN_DIRECT_OBJC_ISA_USAGE = YES_ERROR;
				CLANG_WARN_DOCUMENTATION_COMMENTS = YES;
				CLANG_WARN_EMPTY_BODY = YES;
				CLANG_WARN_ENUM_CONVERSION = YES;
				CLANG_WARN_INFINITE_RECURSION = YES;
				CLANG_WARN_INT_CONVERSION = YES;
				CLANG_WARN_NON_LITERAL_NULL_CONVERSION = YES;
				CLANG_WARN_OBJC_IMPLICIT_RETAIN_SELF = YES;
				CLANG_WARN_OBJC_LITERAL_CONVERSION = YES;
				CLANG_WARN_OBJC_ROOT_CLASS = YES_ERROR;
				CLANG_WARN_QUOTED_INCLUDE_IN_FRAMEWORK_HEADER = YES;
				CLANG_WARN_RANGE_LOOP_ANALYSIS = YES;
				CLANG_WARN_STRICT_PROTOTYPES = YES;
				CLANG_WARN_SUSPICIOUS_MOVE = YES;
				CLANG_WARN_UNGUARDED_AVAILABILITY = YES_AGGRESSIVE;
				CLANG_WARN_UNREACHABLE_CODE = YES;
				CLANG_WARN__DUPLICATE_METHOD_MATCH = YES;
				COPY_PHASE_STRIP = NO;
				DEBUG_INFORMATION_FORMAT = dwarf;
				ENABLE_STRICT_OBJC_MSGSEND = YES;
				ENABLE_TESTABILITY = YES;
				GCC_C_LANGUAGE_STANDARD = gnu11;
				GCC_DYNAMIC_NO_PIC = NO;
				GCC_NO_COMMON_BLOCKS = YES;
				GCC_OPTIMIZATION_LEVEL = 0;
				GCC_PREPROCESSOR_DEFINITIONS = (
					"DEBUG=1",
					"$(inherited)",
				);
				GCC_WARN_64_TO_32_BIT_CONVERSION = YES;
				GCC_WARN_ABOUT_RETURN_TYPE = YES_ERROR;
				GCC_WARN_UNDECLARED_SELECTOR = YES;
				GCC_WARN_UNINITIALIZED_AUTOS = YES_AGGRESSIVE;
				GCC_WARN_UNUSED_FUNCTION = YES;
				GCC_WARN_UNUSED_VARIABLE = YES;
				MTL_ENABLE_DEBUG_INFO = INCLUDE_SOURCE;
				MTL_FAST_MATH = YES;
				ONLY_ACTIVE_ARCH = YES;
				SWIFT_ACTIVE_COMPILATION_CONDITIONS = DEBUG;
				SWIFT_OPTIMIZATION_LEVEL = "-Onone";
			};
			name = Debug;
		};
		A979ECC228C8BF6D00C5F10B /* Release */ = {
			isa = XCBuildConfiguration;
			buildSettings = {
				ALWAYS_SEARCH_USER_PATHS = NO;
				CLANG_ANALYZER_NONNULL = YES;
				CLANG_ANALYZER_NUMBER_OBJECT_CONVERSION = YES_AGGRESSIVE;
				CLANG_CXX_LANGUAGE_STANDARD = "gnu++17";
				CLANG_ENABLE_MODULES = YES;
				CLANG_ENABLE_OBJC_ARC = YES;
				CLANG_ENABLE_OBJC_WEAK = YES;
				CLANG_WARN_BLOCK_CAPTURE_AUTORELEASING = YES;
				CLANG_WARN_BOOL_CONVERSION = YES;
				CLANG_WARN_COMMA = YES;
				CLANG_WARN_CONSTANT_CONVERSION = YES;
				CLANG_WARN_DEPRECATED_OBJC_IMPLEMENTATIONS = YES;
				CLANG_WARN_DIRECT_OBJC_ISA_USAGE = YES_ERROR;
				CLANG_WARN_DOCUMENTATION_COMMENTS = YES;
				CLANG_WARN_EMPTY_BODY = YES;
				CLANG_WARN_ENUM_CONVERSION = YES;
				CLANG_WARN_INFINITE_RECURSION = YES;
				CLANG_WARN_INT_CONVERSION = YES;
				CLANG_WARN_NON_LITERAL_NULL_CONVERSION = YES;
				CLANG_WARN_OBJC_IMPLICIT_RETAIN_SELF = YES;
				CLANG_WARN_OBJC_LITERAL_CONVERSION = YES;
				CLANG_WARN_OBJC_ROOT_CLASS = YES_ERROR;
				CLANG_WARN_QUOTED_INCLUDE_IN_FRAMEWORK_HEADER = YES;
				CLANG_WARN_RANGE_LOOP_ANALYSIS = YES;
				CLANG_WARN_STRICT_PROTOTYPES = YES;
				CLANG_WARN_SUSPICIOUS_MOVE = YES;
				CLANG_WARN_UNGUARDED_AVAILABILITY = YES_AGGRESSIVE;
				CLANG_WARN_UNREACHABLE_CODE = YES;
				CLANG_WARN__DUPLICATE_METHOD_MATCH = YES;
				COPY_PHASE_STRIP = NO;
				DEBUG_INFORMATION_FORMAT = "dwarf-with-dsym";
				ENABLE_NS_ASSERTIONS = NO;
				ENABLE_STRICT_OBJC_MSGSEND = YES;
				GCC_C_LANGUAGE_STANDARD = gnu11;
				GCC_NO_COMMON_BLOCKS = YES;
				GCC_WARN_64_TO_32_BIT_CONVERSION = YES;
				GCC_WARN_ABOUT_RETURN_TYPE = YES_ERROR;
				GCC_WARN_UNDECLARED_SELECTOR = YES;
				GCC_WARN_UNINITIALIZED_AUTOS = YES_AGGRESSIVE;
				GCC_WARN_UNUSED_FUNCTION = YES;
				GCC_WARN_UNUSED_VARIABLE = YES;
				MTL_ENABLE_DEBUG_INFO = NO;
				MTL_FAST_MATH = YES;
				SWIFT_COMPILATION_MODE = wholemodule;
				SWIFT_OPTIMIZATION_LEVEL = "-O";
			};
			name = Release;
		};
		A979ECC428C8BF6D00C5F10B /* Debug */ = {
			isa = XCBuildConfiguration;
			buildSettings = {
				ASSETCATALOG_COMPILER_APPICON_NAME = AppIcon;
				ASSETCATALOG_COMPILER_GLOBAL_ACCENT_COLOR_NAME = AccentColor;
				CODE_SIGN_STYLE = Automatic;
				CURRENT_PROJECT_VERSION = 1;
				DEVELOPMENT_TEAM = PMNP5AK8L6;
				ENABLE_PREVIEWS = YES;
				GENERATE_INFOPLIST_FILE = YES;
				INFOPLIST_KEY_UIApplicationSceneManifest_Generation = YES;
				INFOPLIST_KEY_UIApplicationSupportsIndirectInputEvents = YES;
				INFOPLIST_KEY_UILaunchScreen_Generation = YES;
				INFOPLIST_KEY_UISupportedInterfaceOrientations_iPad = "UIInterfaceOrientationPortrait UIInterfaceOrientationPortraitUpsideDown UIInterfaceOrientationLandscapeLeft UIInterfaceOrientationLandscapeRight";
				INFOPLIST_KEY_UISupportedInterfaceOrientations_iPhone = "UIInterfaceOrientationPortrait UIInterfaceOrientationLandscapeLeft UIInterfaceOrientationLandscapeRight";
				IPHONEOS_DEPLOYMENT_TARGET = 15.5;
				LD_RUNPATH_SEARCH_PATHS = (
					"$(inherited)",
					"@executable_path/Frameworks",
				);
				MARKETING_VERSION = 1.0;
				PRODUCT_BUNDLE_IDENTIFIER = berkayIdentifier.day20;
				PRODUCT_NAME = day20;
				SDKROOT = iphoneos;
				SWIFT_EMIT_LOC_STRINGS = YES;
				SWIFT_VERSION = 5.0;
				TARGETED_DEVICE_FAMILY = "1,2";
			};
			name = Debug;
		};
		A979ECC528C8BF6D00C5F10B /* Release */ = {
			isa = XCBuildConfiguration;
			buildSettings = {
				ASSETCATALOG_COMPILER_APPICON_NAME = AppIcon;
				ASSETCATALOG_COMPILER_GLOBAL_ACCENT_COLOR_NAME = AccentColor;
				CODE_SIGN_STYLE = Automatic;
				CURRENT_PROJECT_VERSION = 1;
				DEVELOPMENT_TEAM = PMNP5AK8L6;
				ENABLE_PREVIEWS = YES;
				GENERATE_INFOPLIST_FILE = YES;
				INFOPLIST_KEY_UIApplicationSceneManifest_Generation = YES;
				INFOPLIST_KEY_UIApplicationSupportsIndirectInputEvents = YES;
				INFOPLIST_KEY_UILaunchScreen_Generation = YES;
				INFOPLIST_KEY_UISupportedInterfaceOrientations_iPad = "UIInterfaceOrientationPortrait UIInterfaceOrientationPortraitUpsideDown UIInterfaceOrientationLandscapeLeft UIInterfaceOrientationLandscapeRight";
				INFOPLIST_KEY_UISupportedInterfaceOrientations_iPhone = "UIInterfaceOrientationPortrait UIInterfaceOrientationLandscapeLeft UIInterfaceOrientationLandscapeRight";
				IPHONEOS_DEPLOYMENT_TARGET = 15.5;
				LD_RUNPATH_SEARCH_PATHS = (
					"$(inherited)",
					"@executable_path/Frameworks",
				);
				MARKETING_VERSION = 1.0;
				PRODUCT_BUNDLE_IDENTIFIER = berkayIdentifier.day20;
				PRODUCT_NAME = day20;
				SDKROOT = iphoneos;
				SWIFT_EMIT_LOC_STRINGS = YES;
				SWIFT_VERSION = 5.0;
				TARGETED_DEVICE_FAMILY = "1,2";
				VALIDATE_PRODUCT = YES;
			};
			name = Release;
		};
		A979ECC728C8BF6D00C5F10B /* Debug */ = {
			isa = XCBuildConfiguration;
			buildSettings = {
				ASSETCATALOG_COMPILER_APPICON_NAME = AppIcon;
				ASSETCATALOG_COMPILER_GLOBAL_ACCENT_COLOR_NAME = AccentColor;
				CODE_SIGN_ENTITLEMENTS = macOS/macOS.entitlements;
				CODE_SIGN_STYLE = Automatic;
				COMBINE_HIDPI_IMAGES = YES;
				CURRENT_PROJECT_VERSION = 1;
				DEVELOPMENT_TEAM = PMNP5AK8L6;
				ENABLE_HARDENED_RUNTIME = YES;
				ENABLE_PREVIEWS = YES;
				GENERATE_INFOPLIST_FILE = YES;
				INFOPLIST_KEY_NSHumanReadableCopyright = "";
				LD_RUNPATH_SEARCH_PATHS = (
					"$(inherited)",
					"@executable_path/../Frameworks",
				);
				MACOSX_DEPLOYMENT_TARGET = 12.2;
				MARKETING_VERSION = 1.0;
				PRODUCT_BUNDLE_IDENTIFIER = berkayIdentifier.day20;
				PRODUCT_NAME = day20;
				SDKROOT = macosx;
				SWIFT_EMIT_LOC_STRINGS = YES;
				SWIFT_VERSION = 5.0;
			};
			name = Debug;
		};
		A979ECC828C8BF6D00C5F10B /* Release */ = {
			isa = XCBuildConfiguration;
			buildSettings = {
				ASSETCATALOG_COMPILER_APPICON_NAME = AppIcon;
				ASSETCATALOG_COMPILER_GLOBAL_ACCENT_COLOR_NAME = AccentColor;
				CODE_SIGN_ENTITLEMENTS = macOS/macOS.entitlements;
				CODE_SIGN_STYLE = Automatic;
				COMBINE_HIDPI_IMAGES = YES;
				CURRENT_PROJECT_VERSION = 1;
				DEVELOPMENT_TEAM = PMNP5AK8L6;
				ENABLE_HARDENED_RUNTIME = YES;
				ENABLE_PREVIEWS = YES;
				GENERATE_INFOPLIST_FILE = YES;
				INFOPLIST_KEY_NSHumanReadableCopyright = "";
				LD_RUNPATH_SEARCH_PATHS = (
					"$(inherited)",
					"@executable_path/../Frameworks",
				);
				MACOSX_DEPLOYMENT_TARGET = 12.2;
				MARKETING_VERSION = 1.0;
				PRODUCT_BUNDLE_IDENTIFIER = berkayIdentifier.day20;
				PRODUCT_NAME = day20;
				SDKROOT = macosx;
				SWIFT_EMIT_LOC_STRINGS = YES;
				SWIFT_VERSION = 5.0;
			};
			name = Release;
		};
/* End XCBuildConfiguration section */

/* Begin XCConfigurationList section */
		A979ECA928C8BF6B00C5F10B /* Build configuration list for PBXProject "day20" */ = {
			isa = XCConfigurationList;
			buildConfigurations = (
				A979ECC128C8BF6D00C5F10B /* Debug */,
				A979ECC228C8BF6D00C5F10B /* Release */,
			);
			defaultConfigurationIsVisible = 0;
			defaultConfigurationName = Release;
		};
		A979ECC328C8BF6D00C5F10B /* Build configuration list for PBXNativeTarget "day20 (iOS)" */ = {
			isa = XCConfigurationList;
			buildConfigurations = (
				A979ECC428C8BF6D00C5F10B /* Debug */,
				A979ECC528C8BF6D00C5F10B /* Release */,
			);
			defaultConfigurationIsVisible = 0;
			defaultConfigurationName = Release;
		};
		A979ECC628C8BF6D00C5F10B /* Build configuration list for PBXNativeTarget "day20 (macOS)" */ = {
			isa = XCConfigurationList;
			buildConfigurations = (
				A979ECC728C8BF6D00C5F10B /* Debug */,
				A979ECC828C8BF6D00C5F10B /* Release */,
			);
			defaultConfigurationIsVisible = 0;
			defaultConfigurationName = Release;
		};
/* End XCConfigurationList section */
	};
	rootObject = A979ECA628C8BF6B00C5F10B /* Project object */;
}
